
Microsoft Visual Studio Solution File, Format Version 12.00
# Visual Studio Version 16
VisualStudioVersion = 16.0.33328.57
MinimumVisualStudioVersion = 10.0.40219.1
Project("{FAE04EC0-301F-11D3-BF4B-00C04F79EFBC}") = "MethodsAndObjects", "MethodsAndObjects.csproj", "{5649AB9C-6399-48C6-91E9-EAC133D95553}"
EndProject
Global
	GlobalSection(SolutionConfigurationPlatforms) = preSolution
		Debug|Any CPU = Debug|Any CPU
		Release|Any CPU = Release|Any CPU
	EndGlobalSection
	GlobalSection(ProjectConfigurationPlatforms) = postSolution
		{5649AB9C-6399-48C6-91E9-EAC133D95553}.Debug|Any CPU.ActiveCfg = Debug|Any CPU
		{5649AB9C-6399-48C6-91E9-EAC133D95553}.Debug|Any CPU.Build.0 = Debug|Any CPU
		{5649AB9C-6399-48C6-91E9-EAC133D95553}.Release|Any CPU.ActiveCfg = Release|Any CPU
		{5649AB9C-6399-48C6-91E9-EAC133D95553}.Release|Any CPU.Build.0 = Release|Any CPU
	EndGlobalSection
	GlobalSection(SolutionProperties) = preSolution
		HideSolutionNode = FALSE
	EndGlobalSection
	GlobalSection(ExtensibilityGlobals) = postSolution
		SolutionGuid = {EA6A3790-CD8A-4E7D-B942-A8764858A983}
	EndGlobalSection
EndGlobal
